
Microsoft Visual Studio Solution File, Format Version 12.00
# Visual Studio Version 16
VisualStudioVersion = 16.0.30717.126
MinimumVisualStudioVersion = 10.0.40219.1
Project("{9A19103F-16F7-4668-BE54-9A1E7A4F7556}") = "EmailService.Web", "EmailService.Web\EmailService.Web.csproj", "{D9964957-0BE2-4E26-86E4-9E28845582A2}"
EndProject
Project("{E53339B2-1760-4266-BCC7-CA923CBCF16C}") = "docker-compose", "docker-compose.dcproj", "{9EA8F7DA-A227-430F-BFAB-917E66F441D1}"
EndProject
Global
	GlobalSection(SolutionConfigurationPlatforms) = preSolution
		Debug|Any CPU = Debug|Any CPU
		Release|Any CPU = Release|Any CPU
	EndGlobalSection
	GlobalSection(ProjectConfigurationPlatforms) = postSolution
		{D9964957-0BE2-4E26-86E4-9E28845582A2}.Debug|Any CPU.ActiveCfg = Debug|Any CPU
		{D9964957-0BE2-4E26-86E4-9E28845582A2}.Debug|Any CPU.Build.0 = Debug|Any CPU
		{D9964957-0BE2-4E26-86E4-9E28845582A2}.Release|Any CPU.ActiveCfg = Release|Any CPU
		{D9964957-0BE2-4E26-86E4-9E28845582A2}.Release|Any CPU.Build.0 = Release|Any CPU
		{9EA8F7DA-A227-430F-BFAB-917E66F441D1}.Debug|Any CPU.ActiveCfg = Debug|Any CPU
		{9EA8F7DA-A227-430F-BFAB-917E66F441D1}.Debug|Any CPU.Build.0 = Debug|Any CPU
		{9EA8F7DA-A227-430F-BFAB-917E66F441D1}.Release|Any CPU.ActiveCfg = Release|Any CPU
		{9EA8F7DA-A227-430F-BFAB-917E66F441D1}.Release|Any CPU.Build.0 = Release|Any CPU
	EndGlobalSection
	GlobalSection(SolutionProperties) = preSolution
		HideSolutionNode = FALSE
	EndGlobalSection
	GlobalSection(ExtensibilityGlobals) = postSolution
		SolutionGuid = {751EDBA9-DBE7-42EA-A346-6EA8A327B134}
	EndGlobalSection
EndGlobal
